// !$*UTF8*$!
{
	archiveVersion = 1;
	classes = {
	};
	objectVersion = 46;
	objects = {

/* Begin PBXBuildFile section */
		088746251A9E2D8400D96493 /* AppDelegate.swift in Sources */ = {isa = PBXBuildFile; fileRef = 088746241A9E2D8400D96493 /* AppDelegate.swift */; };
		088746281A9E2D8400D96493 /* TestApp.xcdatamodeld in Sources */ = {isa = PBXBuildFile; fileRef = 088746261A9E2D8400D96493 /* TestApp.xcdatamodeld */; };
		0887462A1A9E2D8400D96493 /* ViewController.swift in Sources */ = {isa = PBXBuildFile; fileRef = 088746291A9E2D8400D96493 /* ViewController.swift */; };
		0887462D1A9E2D8400D96493 /* Main.storyboard in Resources */ = {isa = PBXBuildFile; fileRef = 0887462B1A9E2D8400D96493 /* Main.storyboard */; };
		0887462F1A9E2D8400D96493 /* Images.xcassets in Resources */ = {isa = PBXBuildFile; fileRef = 0887462E1A9E2D8400D96493 /* Images.xcassets */; };
		088746321A9E2D8400D96493 /* LaunchScreen.xib in Resources */ = {isa = PBXBuildFile; fileRef = 088746301A9E2D8400D96493 /* LaunchScreen.xib */; };
		0887463E1A9E2D8400D96493 /* TestAppTests.swift in Sources */ = {isa = PBXBuildFile; fileRef = 0887463D1A9E2D8400D96493 /* TestAppTests.swift */; };
		089D10EF1A9E349800DF4F61 /* NameTableViewCell.swift in Sources */ = {isa = PBXBuildFile; fileRef = 089D10EE1A9E349800DF4F61 /* NameTableViewCell.swift */; };
		089D10F11A9E393B00DF4F61 /* DetailViewController.swift in Sources */ = {isa = PBXBuildFile; fileRef = 089D10F01A9E393B00DF4F61 /* DetailViewController.swift */; };
		8CE978F84E61DD3A4A4F87F3 /* Pods.framework in Frameworks */ = {isa = PBXBuildFile; fileRef = BC4DD9E13D259E3EC035AC91 /* Pods.framework */; settings = {ATTRIBUTES = (Weak, ); }; };
/* End PBXBuildFile section */

/* Begin PBXContainerItemProxy section */
		088746381A9E2D8400D96493 /* PBXContainerItemProxy */ = {
			isa = PBXContainerItemProxy;
			containerPortal = 088746171A9E2D8400D96493 /* Project object */;
			proxyType = 1;
			remoteGlobalIDString = 0887461E1A9E2D8400D96493;
			remoteInfo = TestApp;
		};
/* End PBXContainerItemProxy section */

/* Begin PBXFileReference section */
		0887461F1A9E2D8400D96493 /* TestApp.app */ = {isa = PBXFileReference; explicitFileType = wrapper.application; includeInIndex = 0; path = TestApp.app; sourceTree = BUILT_PRODUCTS_DIR; };
		088746231A9E2D8400D96493 /* Info.plist */ = {isa = PBXFileReference; lastKnownFileType = text.plist.xml; path = Info.plist; sourceTree = "<group>"; };
		088746241A9E2D8400D96493 /* AppDelegate.swift */ = {isa = PBXFileReference; lastKnownFileType = sourcecode.swift; path = AppDelegate.swift; sourceTree = "<group>"; };
		088746271A9E2D8400D96493 /* TestApp.xcdatamodel */ = {isa = PBXFileReference; lastKnownFileType = wrapper.xcdatamodel; path = TestApp.xcdatamodel; sourceTree = "<group>"; };
		088746291A9E2D8400D96493 /* ViewController.swift */ = {isa = PBXFileReference; lastKnownFileType = sourcecode.swift; path = ViewController.swift; sourceTree = "<group>"; };
		0887462C1A9E2D8400D96493 /* Base */ = {isa = PBXFileReference; lastKnownFileType = file.storyboard; name = Base; path = Base.lproj/Main.storyboard; sourceTree = "<group>"; };
		0887462E1A9E2D8400D96493 /* Images.xcassets */ = {isa = PBXFileReference; lastKnownFileType = folder.assetcatalog; path = Images.xcassets; sourceTree = "<group>"; };
		088746311A9E2D8400D96493 /* Base */ = {isa = PBXFileReference; lastKnownFileType = file.xib; name = Base; path = Base.lproj/LaunchScreen.xib; sourceTree = "<group>"; };
		088746371A9E2D8400D96493 /* TestAppTests.xctest */ = {isa = PBXFileReference; explicitFileType = wrapper.cfbundle; includeInIndex = 0; path = TestAppTests.xctest; sourceTree = BUILT_PRODUCTS_DIR; };
		0887463C1A9E2D8400D96493 /* Info.plist */ = {isa = PBXFileReference; lastKnownFileType = text.plist.xml; path = Info.plist; sourceTree = "<group>"; };
		0887463D1A9E2D8400D96493 /* TestAppTests.swift */ = {isa = PBXFileReference; lastKnownFileType = sourcecode.swift; path = TestAppTests.swift; sourceTree = "<group>"; };
		089D10EE1A9E349800DF4F61 /* NameTableViewCell.swift */ = {isa = PBXFileReference; fileEncoding = 4; lastKnownFileType = sourcecode.swift; path = NameTableViewCell.swift; sourceTree = "<group>"; };
		089D10F01A9E393B00DF4F61 /* DetailViewController.swift */ = {isa = PBXFileReference; fileEncoding = 4; lastKnownFileType = sourcecode.swift; path = DetailViewController.swift; sourceTree = "<group>"; };
		BC4DD9E13D259E3EC035AC91 /* Pods.framework */ = {isa = PBXFileReference; explicitFileType = wrapper.framework; includeInIndex = 0; path = Pods.framework; sourceTree = BUILT_PRODUCTS_DIR; };
		E85E4276EE30191200AD0BE5 /* Pods.debug.xcconfig */ = {isa = PBXFileReference; includeInIndex = 1; lastKnownFileType = text.xcconfig; name = Pods.debug.xcconfig; path = "Pods/Target Support Files/Pods/Pods.debug.xcconfig"; sourceTree = "<group>"; };
		FF6A3104905A054EC3B59697 /* Pods.release.xcconfig */ = {isa = PBXFileReference; includeInIndex = 1; lastKnownFileType = text.xcconfig; name = Pods.release.xcconfig; path = "Pods/Target Support Files/Pods/Pods.release.xcconfig"; sourceTree = "<group>"; };
/* End PBXFileReference section */

/* Begin PBXFrameworksBuildPhase section */
		0887461C1A9E2D8400D96493 /* Frameworks */ = {
			isa = PBXFrameworksBuildPhase;
			buildActionMask = 2147483647;
			files = (
				8CE978F84E61DD3A4A4F87F3 /* Pods.framework in Frameworks */,
			);
			runOnlyForDeploymentPostprocessing = 0;
		};
		088746341A9E2D8400D96493 /* Frameworks */ = {
			isa = PBXFrameworksBuildPhase;
			buildActionMask = 2147483647;
			files = (
			);
			runOnlyForDeploymentPostprocessing = 0;
		};
/* End PBXFrameworksBuildPhase section */

/* Begin PBXGroup section */
		088746161A9E2D8400D96493 = {
			isa = PBXGroup;
			children = (
				088746211A9E2D8400D96493 /* TestApp */,
				0887463A1A9E2D8400D96493 /* TestAppTests */,
				088746201A9E2D8400D96493 /* Products */,
				8C246B61E5883167C8F8982B /* Pods */,
				D75D083BE1C5D8EC15878B6A /* Frameworks */,
			);
			sourceTree = "<group>";
		};
		088746201A9E2D8400D96493 /* Products */ = {
			isa = PBXGroup;
			children = (
				0887461F1A9E2D8400D96493 /* TestApp.app */,
				088746371A9E2D8400D96493 /* TestAppTests.xctest */,
			);
			name = Products;
			sourceTree = "<group>";
		};
		088746211A9E2D8400D96493 /* TestApp */ = {
			isa = PBXGroup;
			children = (
				088746241A9E2D8400D96493 /* AppDelegate.swift */,
				088746291A9E2D8400D96493 /* ViewController.swift */,
				089D10EE1A9E349800DF4F61 /* NameTableViewCell.swift */,
				089D10F01A9E393B00DF4F61 /* DetailViewController.swift */,
				0887462B1A9E2D8400D96493 /* Main.storyboard */,
				0887462E1A9E2D8400D96493 /* Images.xcassets */,
				088746301A9E2D8400D96493 /* LaunchScreen.xib */,
				088746261A9E2D8400D96493 /* TestApp.xcdatamodeld */,
				088746221A9E2D8400D96493 /* Supporting Files */,
			);
			path = TestApp;
			sourceTree = "<group>";
		};
		088746221A9E2D8400D96493 /* Supporting Files */ = {
			isa = PBXGroup;
			children = (
				088746231A9E2D8400D96493 /* Info.plist */,
			);
			name = "Supporting Files";
			sourceTree = "<group>";
		};
		0887463A1A9E2D8400D96493 /* TestAppTests */ = {
			isa = PBXGroup;
			children = (
				0887463D1A9E2D8400D96493 /* TestAppTests.swift */,
				0887463B1A9E2D8400D96493 /* Supporting Files */,
			);
			path = TestAppTests;
			sourceTree = "<group>";
		};
		0887463B1A9E2D8400D96493 /* Supporting Files */ = {
			isa = PBXGroup;
			children = (
				0887463C1A9E2D8400D96493 /* Info.plist */,
			);
			name = "Supporting Files";
			sourceTree = "<group>";
		};
		8C246B61E5883167C8F8982B /* Pods */ = {
			isa = PBXGroup;
			children = (
				E85E4276EE30191200AD0BE5 /* Pods.debug.xcconfig */,
				FF6A3104905A054EC3B59697 /* Pods.release.xcconfig */,
			);
			name = Pods;
			sourceTree = "<group>";
		};
		D75D083BE1C5D8EC15878B6A /* Frameworks */ = {
			isa = PBXGroup;
			children = (
				BC4DD9E13D259E3EC035AC91 /* Pods.framework */,
			);
			name = Frameworks;
			sourceTree = "<group>";
		};
/* End PBXGroup section */

/* Begin PBXNativeTarget section */
		0887461E1A9E2D8400D96493 /* TestApp */ = {
			isa = PBXNativeTarget;
			buildConfigurationList = 088746411A9E2D8400D96493 /* Build configuration list for PBXNativeTarget "TestApp" */;
			buildPhases = (
				C3A4A5B5F76490F68523F765 /* Check Pods Manifest.lock */,
				0887461B1A9E2D8400D96493 /* Sources */,
				0887461C1A9E2D8400D96493 /* Frameworks */,
				0887461D1A9E2D8400D96493 /* Resources */,
				BE43EFCF30CC9F029A9D3BEF /* Embed Pods Frameworks */,
				C947AC507696390DC1BFD2C0 /* Copy Pods Resources */,
			);
			buildRules = (
			);
			dependencies = (
			);
			name = TestApp;
			productName = TestApp;
			productReference = 0887461F1A9E2D8400D96493 /* TestApp.app */;
			productType = "com.apple.product-type.application";
		};
		088746361A9E2D8400D96493 /* TestAppTests */ = {
			isa = PBXNativeTarget;
			buildConfigurationList = 088746441A9E2D8400D96493 /* Build configuration list for PBXNativeTarget "TestAppTests" */;
			buildPhases = (
				088746331A9E2D8400D96493 /* Sources */,
				088746341A9E2D8400D96493 /* Frameworks */,
				088746351A9E2D8400D96493 /* Resources */,
			);
			buildRules = (
			);
			dependencies = (
				088746391A9E2D8400D96493 /* PBXTargetDependency */,
			);
			name = TestAppTests;
			productName = TestAppTests;
			productReference = 088746371A9E2D8400D96493 /* TestAppTests.xctest */;
			productType = "com.apple.product-type.bundle.unit-test";
		};
/* End PBXNativeTarget section */

/* Begin PBXProject section */
		088746171A9E2D8400D96493 /* Project object */ = {
			isa = PBXProject;
			attributes = {
				LastUpgradeCheck = 0610;
				ORGANIZATIONNAME = "Alex Karpov";
				TargetAttributes = {
					0887461E1A9E2D8400D96493 = {
						CreatedOnToolsVersion = 6.1.1;
					};
					088746361A9E2D8400D96493 = {
						CreatedOnToolsVersion = 6.1.1;
						TestTargetID = 0887461E1A9E2D8400D96493;
					};
				};
			};
			buildConfigurationList = 0887461A1A9E2D8400D96493 /* Build configuration list for PBXProject "TestApp" */;
			compatibilityVersion = "Xcode 3.2";
			developmentRegion = English;
			hasScannedForEncodings = 0;
			knownRegions = (
				en,
				Base,
			);
			mainGroup = 088746161A9E2D8400D96493;
			productRefGroup = 088746201A9E2D8400D96493 /* Products */;
			projectDirPath = "";
			projectRoot = "";
			targets = (
				0887461E1A9E2D8400D96493 /* TestApp */,
				088746361A9E2D8400D96493 /* TestAppTests */,
			);
		};
/* End PBXProject section */

/* Begin PBXResourcesBuildPhase section */
		0887461D1A9E2D8400D96493 /* Resources */ = {
			isa = PBXResourcesBuildPhase;
			buildActionMask = 2147483647;
			files = (
				0887462D1A9E2D8400D96493 /* Main.storyboard in Resources */,
				088746321A9E2D8400D96493 /* LaunchScreen.xib in Resources */,
				0887462F1A9E2D8400D96493 /* Images.xcassets in Resources */,
			);
			runOnlyForDeploymentPostprocessing = 0;
		};
		088746351A9E2D8400D96493 /* Resources */ = {
			isa = PBXResourcesBuildPhase;
			buildActionMask = 2147483647;
			files = (
			);
			runOnlyForDeploymentPostprocessing = 0;
		};
/* End PBXResourcesBuildPhase section */

/* Begin PBXShellScriptBuildPhase section */
		BE43EFCF30CC9F029A9D3BEF /* Embed Pods Frameworks */ = {
			isa = PBXShellScriptBuildPhase;
			buildActionMask = 2147483647;
			files = (
			);
			inputPaths = (
			);
			name = "Embed Pods Frameworks";
			outputPaths = (
			);
			runOnlyForDeploymentPostprocessing = 0;
			shellPath = /bin/sh;
			shellScript = "\"${SRCROOT}/Pods/Target Support Files/Pods/Pods-frameworks.sh\"\n";
			showEnvVarsInLog = 0;
		};
		C3A4A5B5F76490F68523F765 /* Check Pods Manifest.lock */ = {
			isa = PBXShellScriptBuildPhase;
			buildActionMask = 2147483647;
			files = (
			);
			inputPaths = (
			);
			name = "Check Pods Manifest.lock";
			outputPaths = (
			);
			runOnlyForDeploymentPostprocessing = 0;
			shellPath = /bin/sh;
			shellScript = "diff \"${PODS_ROOT}/../Podfile.lock\" \"${PODS_ROOT}/Manifest.lock\" > /dev/null\nif [[ $? != 0 ]] ; then\n    cat << EOM\nerror: The sandbox is not in sync with the Podfile.lock. Run 'pod install' or update your CocoaPods installation.\nEOM\n    exit 1\nfi\n";
			showEnvVarsInLog = 0;
		};
		C947AC507696390DC1BFD2C0 /* Copy Pods Resources */ = {
			isa = PBXShellScriptBuildPhase;
			buildActionMask = 2147483647;
			files = (
			);
			inputPaths = (
			);
			name = "Copy Pods Resources";
			outputPaths = (
			);
			runOnlyForDeploymentPostprocessing = 0;
			shellPath = /bin/sh;
			shellScript = "\"${SRCROOT}/Pods/Target Support Files/Pods/Pods-resources.sh\"\n";
			showEnvVarsInLog = 0;
		};
/* End PBXShellScriptBuildPhase section */

/* Begin PBXSourcesBuildPhase section */
		0887461B1A9E2D8400D96493 /* Sources */ = {
			isa = PBXSourcesBuildPhase;
			buildActionMask = 2147483647;
			files = (
				0887462A1A9E2D8400D96493 /* ViewController.swift in Sources */,
				088746251A9E2D8400D96493 /* AppDelegate.swift in Sources */,
				089D10F11A9E393B00DF4F61 /* DetailViewController.swift in Sources */,
				089D10EF1A9E349800DF4F61 /* NameTableViewCell.swift in Sources */,
				088746281A9E2D8400D96493 /* TestApp.xcdatamodeld in Sources */,
			);
			runOnlyForDeploymentPostprocessing = 0;
		};
		088746331A9E2D8400D96493 /* Sources */ = {
			isa = PBXSourcesBuildPhase;
			buildActionMask = 2147483647;
			files = (
				0887463E1A9E2D8400D96493 /* TestAppTests.swift in Sources */,
			);
			runOnlyForDeploymentPostprocessing = 0;
		};
/* End PBXSourcesBuildPhase section */

/* Begin PBXTargetDependency section */
		088746391A9E2D8400D96493 /* PBXTargetDependency */ = {
			isa = PBXTargetDependency;
			target = 0887461E1A9E2D8400D96493 /* TestApp */;
			targetProxy = 088746381A9E2D8400D96493 /* PBXContainerItemProxy */;
		};
/* End PBXTargetDependency section */

/* Begin PBXVariantGroup section */
		0887462B1A9E2D8400D96493 /* Main.storyboard */ = {
			isa = PBXVariantGroup;
			children = (
				0887462C1A9E2D8400D96493 /* Base */,
			);
			name = Main.storyboard;
			sourceTree = "<group>";
		};
		088746301A9E2D8400D96493 /* LaunchScreen.xib */ = {
			isa = PBXVariantGroup;
			children = (
				088746311A9E2D8400D96493 /* Base */,
			);
			name = LaunchScreen.xib;
			sourceTree = "<group>";
		};
/* End PBXVariantGroup section */

/* Begin XCBuildConfiguration section */
		0887463F1A9E2D8400D96493 /* Debug */ = {
			isa = XCBuildConfiguration;
			buildSettings = {
				ALWAYS_SEARCH_USER_PATHS = NO;
				CLANG_CXX_LANGUAGE_STANDARD = "gnu++0x";
				CLANG_CXX_LIBRARY = "libc++";
				CLANG_ENABLE_MODULES = YES;
				CLANG_ENABLE_OBJC_ARC = YES;
				CLANG_WARN_BOOL_CONVERSION = YES;
				CLANG_WARN_CONSTANT_CONVERSION = YES;
				CLANG_WARN_DIRECT_OBJC_ISA_USAGE = YES_ERROR;
				CLANG_WARN_EMPTY_BODY = YES;
				CLANG_WARN_ENUM_CONVERSION = YES;
				CLANG_WARN_INT_CONVERSION = YES;
				CLANG_WARN_OBJC_ROOT_CLASS = YES_ERROR;
				CLANG_WARN_UNREACHABLE_CODE = YES;
				CLANG_WARN__DUPLICATE_METHOD_MATCH = YES;
				"CODE_SIGN_IDENTITY[sdk=iphoneos*]" = "iPhone Developer";
				COPY_PHASE_STRIP = NO;
				ENABLE_STRICT_OBJC_MSGSEND = YES;
				GCC_C_LANGUAGE_STANDARD = gnu99;
				GCC_DYNAMIC_NO_PIC = NO;
				GCC_OPTIMIZATION_LEVEL = 0;
				GCC_PREPROCESSOR_DEFINITIONS = (
					"DEBUG=1",
					"$(inherited)",
				);
				GCC_SYMBOLS_PRIVATE_EXTERN = NO;
				GCC_WARN_64_TO_32_BIT_CONVERSION = YES;
				GCC_WARN_ABOUT_RETURN_TYPE = YES_ERROR;
				GCC_WARN_UNDECLARED_SELECTOR = YES;
				GCC_WARN_UNINITIALIZED_AUTOS = YES_AGGRESSIVE;
				GCC_WARN_UNUSED_FUNCTION = YES;
				GCC_WARN_UNUSED_VARIABLE = YES;
				IPHONEOS_DEPLOYMENT_TARGET = 8.1;
				MTL_ENABLE_DEBUG_INFO = YES;
				ONLY_ACTIVE_ARCH = YES;
				SDKROOT = iphoneos;
				SWIFT_OPTIMIZATION_LEVEL = "-Onone";
				TARGETED_DEVICE_FAMILY = "1,2";
			};
			name = Debug;
		};
		088746401A9E2D8400D96493 /* Release */ = {
			isa = XCBuildConfiguration;
			buildSettings = {
				ALWAYS_SEARCH_USER_PATHS = NO;
				CLANG_CXX_LANGUAGE_STANDARD = "gnu++0x";
				CLANG_CXX_LIBRARY = "libc++";
				CLANG_ENABLE_MODULES = YES;
				CLANG_ENABLE_OBJC_ARC = YES;
				CLANG_WARN_BOOL_CONVERSION = YES;
				CLANG_WARN_CONSTANT_CONVERSION = YES;
				CLANG_WARN_DIRECT_OBJC_ISA_USAGE = YES_ERROR;
				CLANG_WARN_EMPTY_BODY = YES;
				CLANG_WARN_ENUM_CONVERSION = YES;
				CLANG_WARN_INT_CONVERSION = YES;
				CLANG_WARN_OBJC_ROOT_CLASS = YES_ERROR;
				CLANG_WARN_UNREACHABLE_CODE = YES;
				CLANG_WARN__DUPLICATE_METHOD_MATCH = YES;
				"CODE_SIGN_IDENTITY[sdk=iphoneos*]" = "iPhone Developer";
				COPY_PHASE_STRIP = YES;
				ENABLE_NS_ASSERTIONS = NO;
				ENABLE_STRICT_OBJC_MSGSEND = YES;
				GCC_C_LANGUAGE_STANDARD = gnu99;
				GCC_WARN_64_TO_32_BIT_CONVERSION = YES;
				GCC_WARN_ABOUT_RETURN_TYPE = YES_ERROR;
				GCC_WARN_UNDECLARED_SELECTOR = YES;
				GCC_WARN_UNINITIALIZED_AUTOS = YES_AGGRESSIVE;
				GCC_WARN_UNUSED_FUNCTION = YES;
				GCC_WARN_UNUSED_VARIABLE = YES;
				IPHONEOS_DEPLOYMENT_TARGET = 8.1;
				MTL_ENABLE_DEBUG_INFO = NO;
				SDKROOT = iphoneos;
				TARGETED_DEVICE_FAMILY = "1,2";
				VALIDATE_PRODUCT = YES;
			};
			name = Release;
		};
		088746421A9E2D8400D96493 /* Debug */ = {
			isa = XCBuildConfiguration;
			baseConfigurationReference = E85E4276EE30191200AD0BE5 /* Pods.debug.xcconfig */;
			buildSettings = {
				ASSETCATALOG_COMPILER_APPICON_NAME = AppIcon;
				INFOPLIST_FILE = TestApp/Info.plist;
				LD_RUNPATH_SEARCH_PATHS = "$(inherited) @executable_path/Frameworks";
				PRODUCT_NAME = "$(TARGET_NAME)";
			};
			name = Debug;
		};
		088746431A9E2D8400D96493 /* Release */ = {
			isa = XCBuildConfiguration;
			baseConfigurationReference = FF6A3104905A054EC3B59697 /* Pods.release.xcconfig */;
			buildSettings = {
				ASSETCATALOG_COMPILER_APPICON_NAME = AppIcon;
				INFOPLIST_FILE = TestApp/Info.plist;
				LD_RUNPATH_SEARCH_PATHS = "$(inherited) @executable_path/Frameworks";
				PRODUCT_NAME = "$(TARGET_NAME)";
			};
			name = Release;
		};
		088746451A9E2D8400D96493 /* Debug */ = {
			isa = XCBuildConfiguration;
			buildSettings = {
				BUNDLE_LOADER = "$(TEST_HOST)";
				FRAMEWORK_SEARCH_PATHS = (
					"$(SDKROOT)/Developer/Library/Frameworks",
					"$(inherited)",
				);
				GCC_PREPROCESSOR_DEFINITIONS = (
					"DEBUG=1",
					"$(inherited)",
				);
				INFOPLIST_FILE = TestAppTests/Info.plist;
				LD_RUNPATH_SEARCH_PATHS = "$(inherited) @executable_path/Frameworks @loader_path/Frameworks";
				PRODUCT_NAME = "$(TARGET_NAME)";
				TEST_HOST = "$(BUILT_PRODUCTS_DIR)/TestApp.app/TestApp";
			};
			name = Debug;
		};
		088746461A9E2D8400D96493 /* Release */ = {
			isa = XCBuildConfiguration;
			buildSettings = {
				BUNDLE_LOADER = "$(TEST_HOST)";
				FRAMEWORK_SEARCH_PATHS = (
					"$(SDKROOT)/Developer/Library/Frameworks",
					"$(inherited)",
				);
				INFOPLIST_FILE = TestAppTests/Info.plist;
				LD_RUNPATH_SEARCH_PATHS = "$(inherited) @executable_path/Frameworks @loader_path/Frameworks";
				PRODUCT_NAME = "$(TARGET_NAME)";
				TEST_HOST = "$(BUILT_PRODUCTS_DIR)/TestApp.app/TestApp";
			};
			name = Release;
		};
/* End XCBuildConfiguration section */

/* Begin XCConfigurationList section */
		0887461A1A9E2D8400D96493 /* Build configuration list for PBXProject "TestApp" */ = {
			isa = XCConfigurationList;
			buildConfigurations = (
				0887463F1A9E2D8400D96493 /* Debug */,
				088746401A9E2D8400D96493 /* Release */,
			);
			defaultConfigurationIsVisible = 0;
			defaultConfigurationName = Release;
		};
		088746411A9E2D8400D96493 /* Build configuration list for PBXNativeTarget "TestApp" */ = {
			isa = XCConfigurationList;
			buildConfigurations = (
				088746421A9E2D8400D96493 /* Debug */,
				088746431A9E2D8400D96493 /* Release */,
			);
			defaultConfigurationIsVisible = 0;
			defaultConfigurationName = Release;
		};
		088746441A9E2D8400D96493 /* Build configuration list for PBXNativeTarget "TestAppTests" */ = {
			isa = XCConfigurationList;
			buildConfigurations = (
				088746451A9E2D8400D96493 /* Debug */,
				088746461A9E2D8400D96493 /* Release */,
			);
			defaultConfigurationIsVisible = 0;
			defaultConfigurationName = Release;
		};
/* End XCConfigurationList section */

/* Begin XCVersionGroup section */
		088746261A9E2D8400D96493 /* TestApp.xcdatamodeld */ = {
			isa = XCVersionGroup;
			children = (
				088746271A9E2D8400D96493 /* TestApp.xcdatamodel */,
			);
			currentVersion = 088746271A9E2D8400D96493 /* TestApp.xcdatamodel */;
			path = TestApp.xcdatamodeld;
			sourceTree = "<group>";
			versionGroupType = wrapper.xcdatamodel;
		};
/* End XCVersionGroup section */
	};
	rootObject = 088746171A9E2D8400D96493 /* Project object */;
}
